
Microsoft Visual Studio Solution File, Format Version 12.00
# Visual Studio Version 18
VisualStudioVersion = 18.4.11612.150
MinimumVisualStudioVersion = 10.0.40219.1
Project("{FAE04EC0-301F-11D3-BF4B-00C04F79EFBC}") = "RedFox.Compression", "RedFox.Compression\RedFox.Compression.csproj", "{38D5C7A4-0321-4333-B507-09A7C0B408C7}"
EndProject
Project("{FAE04EC0-301F-11D3-BF4B-00C04F79EFBC}") = "RedFox.Compression.ZStandard", "RedFox.Compression.ZStandard\RedFox.Compression.ZStandard.csproj", "{0B1497A8-6F6E-4DCB-AF43-638A5983860F}"
EndProject
Project("{FAE04EC0-301F-11D3-BF4B-00C04F79EFBC}") = "RedFox.Compression.Deflate", "RedFox.Compression.Deflate\RedFox.Compression.Deflate.csproj", "{F7BB3592-2BD0-4E75-9C32-EC4070F1B01E}"
EndProject
Project("{FAE04EC0-301F-11D3-BF4B-00C04F79EFBC}") = "RedFox", "RedFox\RedFox.csproj", "{8D74937A-4900-4057-B511-D34B66B592FA}"
EndProject
Project("{FAE04EC0-301F-11D3-BF4B-00C04F79EFBC}") = "RedFox.IO", "RedFox.IO\RedFox.IO.csproj", "{F874AB5D-D9A5-4A52-A01D-480D7E15EE4D}"
EndProject
Project("{FAE04EC0-301F-11D3-BF4B-00C04F79EFBC}") = "RedFox.Cryptography.MurMur3", "RedFox.Cryptography.MurMur3\RedFox.Cryptography.MurMur3.csproj", "{2A70DC20-9D81-4E77-A7AD-23DA21564A88}"
EndProject
Project("{FAE04EC0-301F-11D3-BF4B-00C04F79EFBC}") = "RedFox.Compression.LZ4", "RedFox.Compression.LZ4\RedFox.Compression.LZ4.csproj", "{0144F4F7-8BF0-4206-A6AB-7AAAA9F967D1}"
EndProject
Project("{FAE04EC0-301F-11D3-BF4B-00C04F79EFBC}") = "RedFox.IO.ProcessMemory", "RedFox.IO.ProcessMemory\RedFox.IO.ProcessMemory.csproj", "{A4631681-6B6B-4ABB-BDEF-CA4EB70E75C9}"
EndProject
Project("{FAE04EC0-301F-11D3-BF4B-00C04F79EFBC}") = "RedFox.Tests", "RedFox.Tests\RedFox.Tests.csproj", "{47BF109F-5BF6-4380-93F6-8668EEDCD5EC}"
EndProject
Project("{FAE04EC0-301F-11D3-BF4B-00C04F79EFBC}") = "RedFox.Samples", "RedFox.Samples\RedFox.Samples.csproj", "{86E53CB7-4EC2-4897-915D-6875E79A0B0C}"
EndProject
Project("{FAE04EC0-301F-11D3-BF4B-00C04F79EFBC}") = "RedFox.Graphics3D", "RedFox.Graphics3D\RedFox.Graphics3D.csproj", "{38370FEE-2BED-DA48-039B-38B08C31C464}"
EndProject
Project("{FAE04EC0-301F-11D3-BF4B-00C04F79EFBC}") = "RedFox.Graphics2D", "RedFox.Graphics2D\RedFox.Graphics2D.csproj", "{09886AE2-41C0-1085-6735-C9DA9E15A432}"
EndProject
Project("{2150E333-8FDC-42A3-9474-1A3956D46DE8}") = "Graphics3D", "Graphics3D", "{F1CDD528-3A1F-470D-9EF9-B3FB133A6FEE}"
EndProject
Project("{FAE04EC0-301F-11D3-BF4B-00C04F79EFBC}") = "RedFox.Graphics2D.Dds", "RedFox.Graphics2D.Dds\RedFox.Graphics2D.Dds.csproj", "{0297CA60-7041-4583-83D8-F6FF45562645}"
EndProject
Project("{2150E333-8FDC-42A3-9474-1A3956D46DE8}") = "Graphics2D", "Graphics2D", "{D9448966-738B-491F-808C-D3CA93154F02}"
EndProject
Project("{FAE04EC0-301F-11D3-BF4B-00C04F79EFBC}") = "RedFox.Graphics3D.Seanim", "RedFox.Graphics3D.Seanim\RedFox.Graphics3D.Seanim.csproj", "{E60C0E52-99A5-6C58-A2FE-53EA30B52FA3}"
EndProject
Project("{FAE04EC0-301F-11D3-BF4B-00C04F79EFBC}") = "RedFox.Graphics3D.IO", "RedFox.Graphics3D.IO\RedFox.Graphics3D.IO.csproj", "{9C4DA663-F36B-1807-9784-4D5FD0E26662}"
EndProject
Project("{FAE04EC0-301F-11D3-BF4B-00C04F79EFBC}") = "RedFox.Graphics3D.Semodel", "RedFox.Graphics3D.Semodel\RedFox.Graphics3D.Semodel.csproj", "{1CA2D905-F187-A4C1-B3B9-FF7685F42EBD}"
EndProject
Project("{FAE04EC0-301F-11D3-BF4B-00C04F79EFBC}") = "RedFox.Graphics2D.Png", "RedFox.Graphics2D.Png\RedFox.Graphics2D.Png.csproj", "{D04867DA-EECF-9707-4087-6B61F9DC64CA}"
EndProject
Project("{FAE04EC0-301F-11D3-BF4B-00C04F79EFBC}") = "RedFox.Graphics2D.Jpeg", "RedFox.Graphics2D.Jpeg\RedFox.Graphics2D.Jpeg.csproj", "{F3BB159C-F6DF-25E4-0CED-157460A0B509}"
EndProject
Project("{FAE04EC0-301F-11D3-BF4B-00C04F79EFBC}") = "RedFox.Graphics2D.Tiff", "RedFox.Graphics2D.Tiff\RedFox.Graphics2D.Tiff.csproj", "{38D21ADA-8DEE-A552-4E45-F40A15C58E6C}"
EndProject
Project("{FAE04EC0-301F-11D3-BF4B-00C04F79EFBC}") = "RedFox.Graphics2D.Exr", "RedFox.Graphics2D.Exr\RedFox.Graphics2D.Exr.csproj", "{C1009CC5-8CB1-F470-83AF-BF7F160FF34D}"
EndProject
Project("{2150E333-8FDC-42A3-9474-1A3956D46DE8}") = "GameExtraction", "GameExtraction", "{D2170853-0866-47B3-B1AF-D07763F67315}"
EndProject
Project("{2150E333-8FDC-42A3-9474-1A3956D46DE8}") = "Compression", "Compression", "{846F02B2-9911-4D62-9696-C7AF261FC7C7}"
EndProject
Project("{FAE04EC0-301F-11D3-BF4B-00C04F79EFBC}") = "RedFox.GameExtraction", "RedFox.GameExtraction\RedFox.GameExtraction.csproj", "{C8D4DE59-D382-5B1C-5CAE-19AF2A561475}"
EndProject
Project("{FAE04EC0-301F-11D3-BF4B-00C04F79EFBC}") = "RedFox.Graphics3D.KaydaraFbx", "RedFox.Graphics3D.KaydaraFbx\RedFox.Graphics3D.KaydaraFbx.csproj", "{81204CE1-E923-4EC7-A093-2E78D32C2E5F}"
EndProject
Project("{FAE04EC0-301F-11D3-BF4B-00C04F79EFBC}") = "RedFox.Graphics3D.MayaAscii", "RedFox.Graphics3D.MayaAscii\RedFox.Graphics3D.MayaAscii.csproj", "{5C70BA1A-5AFD-49EF-BD7F-A2EF99EA48C1}"
EndProject
Project("{FAE04EC0-301F-11D3-BF4B-00C04F79EFBC}") = "RedFox.Graphics2D.Tga", "RedFox.Graphics2D.Tga\RedFox.Graphics2D.Tga.csproj", "{1EBDB7AA-C611-4649-B5BF-F68BA34BE14A}"
EndProject
Project("{FAE04EC0-301F-11D3-BF4B-00C04F79EFBC}") = "RedFox.Graphics2D.Iwi", "RedFox.Graphics2D.Iwi\RedFox.Graphics2D.Iwi.csproj", "{EE183DEB-CCF4-176A-3376-F9715830D3F7}"
EndProject
Project("{FAE04EC0-301F-11D3-BF4B-00C04F79EFBC}") = "RedFox.Graphics3D.WavefrontObj", "RedFox.Graphics3D.WavefrontObj\RedFox.Graphics3D.WavefrontObj.csproj", "{A35C6682-1095-4D3E-B5FF-85E36800023F}"
EndProject
Project("{FAE04EC0-301F-11D3-BF4B-00C04F79EFBC}") = "RedFox.Graphics3D.Smd", "RedFox.Graphics3D.Smd\RedFox.Graphics3D.Smd.csproj", "{D29C1EB5-1EAE-47E2-A47E-9E2A7BE86FF6}"
EndProject
Project("{FAE04EC0-301F-11D3-BF4B-00C04F79EFBC}") = "RedFox.Graphics3D.Gltf", "RedFox.Graphics3D.Gltf\RedFox.Graphics3D.Gltf.csproj", "{5FFCB1ED-DBD6-4664-B053-D4707A0D8598}"
EndProject
Project("{FAE04EC0-301F-11D3-BF4B-00C04F79EFBC}") = "RedFox.Graphics3D.Md5", "RedFox.Graphics3D.Md5\RedFox.Graphics3D.Md5.csproj", "{6571B00A-5FEB-4BAF-8417-1A6995F23072}"
EndProject
Project("{FAE04EC0-301F-11D3-BF4B-00C04F79EFBC}") = "RedFox.Graphics3D.Bvh", "RedFox.Graphics3D.Bvh\RedFox.Graphics3D.Bvh.csproj", "{F576B4BD-A002-4B4D-914D-32D6624141D2}"
EndProject
Project("{FAE04EC0-301F-11D3-BF4B-00C04F79EFBC}") = "RedFox.Graphics2D.Primitives", "RedFox.Graphics2D.Primitives\RedFox.Graphics2D.Primitives.csproj", "{FC78E245-CDEE-D348-16FF-29F030AFF544}"
EndProject
Project("{FAE04EC0-301F-11D3-BF4B-00C04F79EFBC}") = "RedFox.Graphics2D.Ktx", "RedFox.Graphics2D.Ktx\RedFox.Graphics2D.Ktx.csproj", "{52F45D68-E135-C3DD-AFD9-D84927DF3887}"
EndProject
Project("{FAE04EC0-301F-11D3-BF4B-00C04F79EFBC}") = "RedFox.Graphics2D.Codecs", "RedFox.Graphics2D.Codecs\RedFox.Graphics2D.Codecs.csproj", "{67A981DD-2C3A-9A52-C0BF-1EA03C85AE54}"
EndProject
Project("{FAE04EC0-301F-11D3-BF4B-00C04F79EFBC}") = "RedFox.Graphics2D.BlockCompression", "RedFox.Graphics2D.BlockCompression\RedFox.Graphics2D.BlockCompression.csproj", "{F80F4239-255B-F451-286C-592DD53D6C1F}"
EndProject
Project("{FAE04EC0-301F-11D3-BF4B-00C04F79EFBC}") = "RedFox.Graphics2D.BlockCompression.Vulkan", "RedFox.Graphics2D.BlockCompression.Vulkan\RedFox.Graphics2D.BlockCompression.Vulkan.csproj", "{2CA55D3F-4F47-2131-69DF-BF5FC940F0A2}"
EndProject
Project("{FAE04EC0-301F-11D3-BF4B-00C04F79EFBC}") = "RedFox.Graphics3D.Cast", "RedFox.Graphics3D.Cast\RedFox.Graphics3D.Cast.csproj", "{AA1B0737-1BA5-59A6-DA45-D1056EF58541}"
EndProject
Project("{FAE04EC0-301F-11D3-BF4B-00C04F79EFBC}") = "RedFox.GameExtraction.Template.Cli", "RedFox.GameExtraction.Template.Cli\RedFox.GameExtraction.Template.Cli.csproj", "{B83D4818-A5E8-4F3C-9122-119D97B2EA0F}"
EndProject
Project("{2150E333-8FDC-42A3-9474-1A3956D46DE8}") = "Audio", "Audio", "{18775B93-5E18-0E21-2FB9-343F25B07478}"
EndProject
Project("{FAE04EC0-301F-11D3-BF4B-00C04F79EFBC}") = "RedFox.Audio", "RedFox.Audio\RedFox.Audio.csproj", "{02C401EF-04EC-4A27-AD2C-8C65E8011404}"
EndProject
Project("{FAE04EC0-301F-11D3-BF4B-00C04F79EFBC}") = "RedFox.Audio.ADPCM", "RedFox.Audio.ADPCM\RedFox.Audio.ADPCM.csproj", "{88065EDE-FDE6-4093-B708-27BC57EC0D06}"
EndProject
Project("{FAE04EC0-301F-11D3-BF4B-00C04F79EFBC}") = "RedFox.Audio.Opus", "RedFox.Audio.Opus\RedFox.Audio.Opus.csproj", "{D4A1E2B3-C5D6-4F7A-8B9C-0D1E2F3A4B5C}"
EndProject
Project("{FAE04EC0-301F-11D3-BF4B-00C04F79EFBC}") = "RedFox.Audio.Flac", "RedFox.Audio.Flac\RedFox.Audio.Flac.csproj", "{816C4102-CFC1-487A-986D-D2281942C197}"
EndProject
Project("{FAE04EC0-301F-11D3-BF4B-00C04F79EFBC}") = "RedFox.Graphics3D.OpenGL", "RedFox.Graphics3D.OpenGL\RedFox.Graphics3D.OpenGL.csproj", "{AE5F416E-AD71-98CC-4DBB-BDD89D9FBB3A}"
EndProject
Global
	GlobalSection(SolutionConfigurationPlatforms) = preSolution
		Debug|Any CPU = Debug|Any CPU
		Debug|x64 = Debug|x64
		Debug|x86 = Debug|x86
		Release|Any CPU = Release|Any CPU
		Release|x64 = Release|x64
		Release|x86 = Release|x86
	EndGlobalSection
	GlobalSection(ProjectConfigurationPlatforms) = postSolution
		{38D5C7A4-0321-4333-B507-09A7C0B408C7}.Debug|Any CPU.ActiveCfg = Debug|Any CPU
		{38D5C7A4-0321-4333-B507-09A7C0B408C7}.Debug|Any CPU.Build.0 = Debug|Any CPU
		{38D5C7A4-0321-4333-B507-09A7C0B408C7}.Debug|x64.ActiveCfg = Debug|Any CPU
		{38D5C7A4-0321-4333-B507-09A7C0B408C7}.Debug|x64.Build.0 = Debug|Any CPU
		{38D5C7A4-0321-4333-B507-09A7C0B408C7}.Debug|x86.ActiveCfg = Debug|Any CPU
		{38D5C7A4-0321-4333-B507-09A7C0B408C7}.Debug|x86.Build.0 = Debug|Any CPU
		{38D5C7A4-0321-4333-B507-09A7C0B408C7}.Release|Any CPU.ActiveCfg = Release|Any CPU
		{38D5C7A4-0321-4333-B507-09A7C0B408C7}.Release|Any CPU.Build.0 = Release|Any CPU
		{38D5C7A4-0321-4333-B507-09A7C0B408C7}.Release|x64.ActiveCfg = Release|Any CPU
		{38D5C7A4-0321-4333-B507-09A7C0B408C7}.Release|x64.Build.0 = Release|Any CPU
		{38D5C7A4-0321-4333-B507-09A7C0B408C7}.Release|x86.ActiveCfg = Release|Any CPU
		{38D5C7A4-0321-4333-B507-09A7C0B408C7}.Release|x86.Build.0 = Release|Any CPU
		{0B1497A8-6F6E-4DCB-AF43-638A5983860F}.Debug|Any CPU.ActiveCfg = Debug|Any CPU
		{0B1497A8-6F6E-4DCB-AF43-638A5983860F}.Debug|Any CPU.Build.0 = Debug|Any CPU
		{0B1497A8-6F6E-4DCB-AF43-638A5983860F}.Debug|x64.ActiveCfg = Debug|Any CPU
		{0B1497A8-6F6E-4DCB-AF43-638A5983860F}.Debug|x64.Build.0 = Debug|Any CPU
		{0B1497A8-6F6E-4DCB-AF43-638A5983860F}.Debug|x86.ActiveCfg = Debug|Any CPU
		{0B1497A8-6F6E-4DCB-AF43-638A5983860F}.Debug|x86.Build.0 = Debug|Any CPU
		{0B1497A8-6F6E-4DCB-AF43-638A5983860F}.Release|Any CPU.ActiveCfg = Release|Any CPU
		{0B1497A8-6F6E-4DCB-AF43-638A5983860F}.Release|Any CPU.Build.0 = Release|Any CPU
		{0B1497A8-6F6E-4DCB-AF43-638A5983860F}.Release|x64.ActiveCfg = Release|Any CPU
		{0B1497A8-6F6E-4DCB-AF43-638A5983860F}.Release|x64.Build.0 = Release|Any CPU
		{0B1497A8-6F6E-4DCB-AF43-638A5983860F}.Release|x86.ActiveCfg = Release|Any CPU
		{0B1497A8-6F6E-4DCB-AF43-638A5983860F}.Release|x86.Build.0 = Release|Any CPU
		{F7BB3592-2BD0-4E75-9C32-EC4070F1B01E}.Debug|Any CPU.ActiveCfg = Debug|Any CPU
		{F7BB3592-2BD0-4E75-9C32-EC4070F1B01E}.Debug|Any CPU.Build.0 = Debug|Any CPU
		{F7BB3592-2BD0-4E75-9C32-EC4070F1B01E}.Debug|x64.ActiveCfg = Debug|Any CPU
		{F7BB3592-2BD0-4E75-9C32-EC4070F1B01E}.Debug|x64.Build.0 = Debug|Any CPU
		{F7BB3592-2BD0-4E75-9C32-EC4070F1B01E}.Debug|x86.ActiveCfg = Debug|Any CPU
		{F7BB3592-2BD0-4E75-9C32-EC4070F1B01E}.Debug|x86.Build.0 = Debug|Any CPU
		{F7BB3592-2BD0-4E75-9C32-EC4070F1B01E}.Release|Any CPU.ActiveCfg = Release|Any CPU
		{F7BB3592-2BD0-4E75-9C32-EC4070F1B01E}.Release|Any CPU.Build.0 = Release|Any CPU
		{F7BB3592-2BD0-4E75-9C32-EC4070F1B01E}.Release|x64.ActiveCfg = Release|Any CPU
		{F7BB3592-2BD0-4E75-9C32-EC4070F1B01E}.Release|x64.Build.0 = Release|Any CPU
		{F7BB3592-2BD0-4E75-9C32-EC4070F1B01E}.Release|x86.ActiveCfg = Release|Any CPU
		{F7BB3592-2BD0-4E75-9C32-EC4070F1B01E}.Release|x86.Build.0 = Release|Any CPU
		{8D74937A-4900-4057-B511-D34B66B592FA}.Debug|Any CPU.ActiveCfg = Debug|Any CPU
		{8D74937A-4900-4057-B511-D34B66B592FA}.Debug|Any CPU.Build.0 = Debug|Any CPU
		{8D74937A-4900-4057-B511-D34B66B592FA}.Debug|x64.ActiveCfg = Debug|Any CPU
		{8D74937A-4900-4057-B511-D34B66B592FA}.Debug|x64.Build.0 = Debug|Any CPU
		{8D74937A-4900-4057-B511-D34B66B592FA}.Debug|x86.ActiveCfg = Debug|Any CPU
		{8D74937A-4900-4057-B511-D34B66B592FA}.Debug|x86.Build.0 = Debug|Any CPU
		{8D74937A-4900-4057-B511-D34B66B592FA}.Release|Any CPU.ActiveCfg = Release|Any CPU
		{8D74937A-4900-4057-B511-D34B66B592FA}.Release|Any CPU.Build.0 = Release|Any CPU
		{8D74937A-4900-4057-B511-D34B66B592FA}.Release|x64.ActiveCfg = Release|Any CPU
		{8D74937A-4900-4057-B511-D34B66B592FA}.Release|x64.Build.0 = Release|Any CPU
		{8D74937A-4900-4057-B511-D34B66B592FA}.Release|x86.ActiveCfg = Release|Any CPU
		{8D74937A-4900-4057-B511-D34B66B592FA}.Release|x86.Build.0 = Release|Any CPU
		{F874AB5D-D9A5-4A52-A01D-480D7E15EE4D}.Debug|Any CPU.ActiveCfg = Debug|Any CPU
		{F874AB5D-D9A5-4A52-A01D-480D7E15EE4D}.Debug|Any CPU.Build.0 = Debug|Any CPU
		{F874AB5D-D9A5-4A52-A01D-480D7E15EE4D}.Debug|x64.ActiveCfg = Debug|Any CPU
		{F874AB5D-D9A5-4A52-A01D-480D7E15EE4D}.Debug|x64.Build.0 = Debug|Any CPU
		{F874AB5D-D9A5-4A52-A01D-480D7E15EE4D}.Debug|x86.ActiveCfg = Debug|Any CPU
		{F874AB5D-D9A5-4A52-A01D-480D7E15EE4D}.Debug|x86.Build.0 = Debug|Any CPU
		{F874AB5D-D9A5-4A52-A01D-480D7E15EE4D}.Release|Any CPU.ActiveCfg = Release|Any CPU
		{F874AB5D-D9A5-4A52-A01D-480D7E15EE4D}.Release|Any CPU.Build.0 = Release|Any CPU
		{F874AB5D-D9A5-4A52-A01D-480D7E15EE4D}.Release|x64.ActiveCfg = Release|Any CPU
		{F874AB5D-D9A5-4A52-A01D-480D7E15EE4D}.Release|x64.Build.0 = Release|Any CPU
		{F874AB5D-D9A5-4A52-A01D-480D7E15EE4D}.Release|x86.ActiveCfg = Release|Any CPU
		{F874AB5D-D9A5-4A52-A01D-480D7E15EE4D}.Release|x86.Build.0 = Release|Any CPU
		{2A70DC20-9D81-4E77-A7AD-23DA21564A88}.Debug|Any CPU.ActiveCfg = Debug|Any CPU
		{2A70DC20-9D81-4E77-A7AD-23DA21564A88}.Debug|Any CPU.Build.0 = Debug|Any CPU
		{2A70DC20-9D81-4E77-A7AD-23DA21564A88}.Debug|x64.ActiveCfg = Debug|Any CPU
		{2A70DC20-9D81-4E77-A7AD-23DA21564A88}.Debug|x64.Build.0 = Debug|Any CPU
		{2A70DC20-9D81-4E77-A7AD-23DA21564A88}.Debug|x86.ActiveCfg = Debug|Any CPU
		{2A70DC20-9D81-4E77-A7AD-23DA21564A88}.Debug|x86.Build.0 = Debug|Any CPU
		{2A70DC20-9D81-4E77-A7AD-23DA21564A88}.Release|Any CPU.ActiveCfg = Release|Any CPU
		{2A70DC20-9D81-4E77-A7AD-23DA21564A88}.Release|Any CPU.Build.0 = Release|Any CPU
		{2A70DC20-9D81-4E77-A7AD-23DA21564A88}.Release|x64.ActiveCfg = Release|Any CPU
		{2A70DC20-9D81-4E77-A7AD-23DA21564A88}.Release|x64.Build.0 = Release|Any CPU
		{2A70DC20-9D81-4E77-A7AD-23DA21564A88}.Release|x86.ActiveCfg = Release|Any CPU
		{2A70DC20-9D81-4E77-A7AD-23DA21564A88}.Release|x86.Build.0 = Release|Any CPU
		{0144F4F7-8BF0-4206-A6AB-7AAAA9F967D1}.Debug|Any CPU.ActiveCfg = Debug|Any CPU
		{0144F4F7-8BF0-4206-A6AB-7AAAA9F967D1}.Debug|Any CPU.Build.0 = Debug|Any CPU
		{0144F4F7-8BF0-4206-A6AB-7AAAA9F967D1}.Debug|x64.ActiveCfg = Debug|Any CPU
		{0144F4F7-8BF0-4206-A6AB-7AAAA9F967D1}.Debug|x64.Build.0 = Debug|Any CPU
		{0144F4F7-8BF0-4206-A6AB-7AAAA9F967D1}.Debug|x86.ActiveCfg = Debug|Any CPU
		{0144F4F7-8BF0-4206-A6AB-7AAAA9F967D1}.Debug|x86.Build.0 = Debug|Any CPU
		{0144F4F7-8BF0-4206-A6AB-7AAAA9F967D1}.Release|Any CPU.ActiveCfg = Release|Any CPU
		{0144F4F7-8BF0-4206-A6AB-7AAAA9F967D1}.Release|Any CPU.Build.0 = Release|Any CPU
		{0144F4F7-8BF0-4206-A6AB-7AAAA9F967D1}.Release|x64.ActiveCfg = Release|Any CPU
		{0144F4F7-8BF0-4206-A6AB-7AAAA9F967D1}.Release|x64.Build.0 = Release|Any CPU
		{0144F4F7-8BF0-4206-A6AB-7AAAA9F967D1}.Release|x86.ActiveCfg = Release|Any CPU
		{0144F4F7-8BF0-4206-A6AB-7AAAA9F967D1}.Release|x86.Build.0 = Release|Any CPU
		{A4631681-6B6B-4ABB-BDEF-CA4EB70E75C9}.Debug|Any CPU.ActiveCfg = Debug|Any CPU
		{A4631681-6B6B-4ABB-BDEF-CA4EB70E75C9}.Debug|Any CPU.Build.0 = Debug|Any CPU
		{A4631681-6B6B-4ABB-BDEF-CA4EB70E75C9}.Debug|x64.ActiveCfg = Debug|Any CPU
		{A4631681-6B6B-4ABB-BDEF-CA4EB70E75C9}.Debug|x64.Build.0 = Debug|Any CPU
		{A4631681-6B6B-4ABB-BDEF-CA4EB70E75C9}.Debug|x86.ActiveCfg = Debug|Any CPU
		{A4631681-6B6B-4ABB-BDEF-CA4EB70E75C9}.Debug|x86.Build.0 = Debug|Any CPU
		{A4631681-6B6B-4ABB-BDEF-CA4EB70E75C9}.Release|Any CPU.ActiveCfg = Release|Any CPU
		{A4631681-6B6B-4ABB-BDEF-CA4EB70E75C9}.Release|Any CPU.Build.0 = Release|Any CPU
		{A4631681-6B6B-4ABB-BDEF-CA4EB70E75C9}.Release|x64.ActiveCfg = Release|Any CPU
		{A4631681-6B6B-4ABB-BDEF-CA4EB70E75C9}.Release|x64.Build.0 = Release|Any CPU
		{A4631681-6B6B-4ABB-BDEF-CA4EB70E75C9}.Release|x86.ActiveCfg = Release|Any CPU
		{A4631681-6B6B-4ABB-BDEF-CA4EB70E75C9}.Release|x86.Build.0 = Release|Any CPU
		{47BF109F-5BF6-4380-93F6-8668EEDCD5EC}.Debug|Any CPU.ActiveCfg = Debug|Any CPU
		{47BF109F-5BF6-4380-93F6-8668EEDCD5EC}.Debug|Any CPU.Build.0 = Debug|Any CPU
		{47BF109F-5BF6-4380-93F6-8668EEDCD5EC}.Debug|x64.ActiveCfg = Debug|Any CPU
		{47BF109F-5BF6-4380-93F6-8668EEDCD5EC}.Debug|x64.Build.0 = Debug|Any CPU
		{47BF109F-5BF6-4380-93F6-8668EEDCD5EC}.Debug|x86.ActiveCfg = Debug|Any CPU
		{47BF109F-5BF6-4380-93F6-8668EEDCD5EC}.Debug|x86.Build.0 = Debug|Any CPU
		{47BF109F-5BF6-4380-93F6-8668EEDCD5EC}.Release|Any CPU.ActiveCfg = Release|Any CPU
		{47BF109F-5BF6-4380-93F6-8668EEDCD5EC}.Release|Any CPU.Build.0 = Release|Any CPU
		{47BF109F-5BF6-4380-93F6-8668EEDCD5EC}.Release|x64.ActiveCfg = Release|Any CPU
		{47BF109F-5BF6-4380-93F6-8668EEDCD5EC}.Release|x64.Build.0 = Release|Any CPU
		{47BF109F-5BF6-4380-93F6-8668EEDCD5EC}.Release|x86.ActiveCfg = Release|Any CPU
		{47BF109F-5BF6-4380-93F6-8668EEDCD5EC}.Release|x86.Build.0 = Release|Any CPU
		{86E53CB7-4EC2-4897-915D-6875E79A0B0C}.Debug|Any CPU.ActiveCfg = Debug|Any CPU
		{86E53CB7-4EC2-4897-915D-6875E79A0B0C}.Debug|Any CPU.Build.0 = Debug|Any CPU
		{86E53CB7-4EC2-4897-915D-6875E79A0B0C}.Debug|x64.ActiveCfg = Debug|Any CPU
		{86E53CB7-4EC2-4897-915D-6875E79A0B0C}.Debug|x64.Build.0 = Debug|Any CPU
		{86E53CB7-4EC2-4897-915D-6875E79A0B0C}.Debug|x86.ActiveCfg = Debug|Any CPU
		{86E53CB7-4EC2-4897-915D-6875E79A0B0C}.Debug|x86.Build.0 = Debug|Any CPU
		{86E53CB7-4EC2-4897-915D-6875E79A0B0C}.Release|Any CPU.ActiveCfg = Release|Any CPU
		{86E53CB7-4EC2-4897-915D-6875E79A0B0C}.Release|Any CPU.Build.0 = Release|Any CPU
		{86E53CB7-4EC2-4897-915D-6875E79A0B0C}.Release|x64.ActiveCfg = Release|Any CPU
		{86E53CB7-4EC2-4897-915D-6875E79A0B0C}.Release|x64.Build.0 = Release|Any CPU
		{86E53CB7-4EC2-4897-915D-6875E79A0B0C}.Release|x86.ActiveCfg = Release|Any CPU
		{86E53CB7-4EC2-4897-915D-6875E79A0B0C}.Release|x86.Build.0 = Release|Any CPU
		{38370FEE-2BED-DA48-039B-38B08C31C464}.Debug|Any CPU.ActiveCfg = Debug|Any CPU
		{38370FEE-2BED-DA48-039B-38B08C31C464}.Debug|Any CPU.Build.0 = Debug|Any CPU
		{38370FEE-2BED-DA48-039B-38B08C31C464}.Debug|x64.ActiveCfg = Debug|Any CPU
		{38370FEE-2BED-DA48-039B-38B08C31C464}.Debug|x64.Build.0 = Debug|Any CPU
		{38370FEE-2BED-DA48-039B-38B08C31C464}.Debug|x86.ActiveCfg = Debug|Any CPU
		{38370FEE-2BED-DA48-039B-38B08C31C464}.Debug|x86.Build.0 = Debug|Any CPU
		{38370FEE-2BED-DA48-039B-38B08C31C464}.Release|Any CPU.ActiveCfg = Release|Any CPU
		{38370FEE-2BED-DA48-039B-38B08C31C464}.Release|Any CPU.Build.0 = Release|Any CPU
		{38370FEE-2BED-DA48-039B-38B08C31C464}.Release|x64.ActiveCfg = Release|Any CPU
		{38370FEE-2BED-DA48-039B-38B08C31C464}.Release|x64.Build.0 = Release|Any CPU
		{38370FEE-2BED-DA48-039B-38B08C31C464}.Release|x86.ActiveCfg = Release|Any CPU
		{38370FEE-2BED-DA48-039B-38B08C31C464}.Release|x86.Build.0 = Release|Any CPU
		{09886AE2-41C0-1085-6735-C9DA9E15A432}.Debug|Any CPU.ActiveCfg = Debug|Any CPU
		{09886AE2-41C0-1085-6735-C9DA9E15A432}.Debug|Any CPU.Build.0 = Debug|Any CPU
		{09886AE2-41C0-1085-6735-C9DA9E15A432}.Debug|x64.ActiveCfg = Debug|Any CPU
		{09886AE2-41C0-1085-6735-C9DA9E15A432}.Debug|x64.Build.0 = Debug|Any CPU
		{09886AE2-41C0-1085-6735-C9DA9E15A432}.Debug|x86.ActiveCfg = Debug|Any CPU
		{09886AE2-41C0-1085-6735-C9DA9E15A432}.Debug|x86.Build.0 = Debug|Any CPU
		{09886AE2-41C0-1085-6735-C9DA9E15A432}.Release|Any CPU.ActiveCfg = Release|Any CPU
		{09886AE2-41C0-1085-6735-C9DA9E15A432}.Release|Any CPU.Build.0 = Release|Any CPU
		{09886AE2-41C0-1085-6735-C9DA9E15A432}.Release|x64.ActiveCfg = Release|Any CPU
		{09886AE2-41C0-1085-6735-C9DA9E15A432}.Release|x64.Build.0 = Release|Any CPU
		{09886AE2-41C0-1085-6735-C9DA9E15A432}.Release|x86.ActiveCfg = Release|Any CPU
		{09886AE2-41C0-1085-6735-C9DA9E15A432}.Release|x86.Build.0 = Release|Any CPU
		{0297CA60-7041-4583-83D8-F6FF45562645}.Debug|Any CPU.ActiveCfg = Debug|Any CPU
		{0297CA60-7041-4583-83D8-F6FF45562645}.Debug|Any CPU.Build.0 = Debug|Any CPU
		{0297CA60-7041-4583-83D8-F6FF45562645}.Debug|x64.ActiveCfg = Debug|Any CPU
		{0297CA60-7041-4583-83D8-F6FF45562645}.Debug|x64.Build.0 = Debug|Any CPU
		{0297CA60-7041-4583-83D8-F6FF45562645}.Debug|x86.ActiveCfg = Debug|Any CPU
		{0297CA60-7041-4583-83D8-F6FF45562645}.Debug|x86.Build.0 = Debug|Any CPU
		{0297CA60-7041-4583-83D8-F6FF45562645}.Release|Any CPU.ActiveCfg = Release|Any CPU
		{0297CA60-7041-4583-83D8-F6FF45562645}.Release|Any CPU.Build.0 = Release|Any CPU
		{0297CA60-7041-4583-83D8-F6FF45562645}.Release|x64.ActiveCfg = Release|Any CPU
		{0297CA60-7041-4583-83D8-F6FF45562645}.Release|x64.Build.0 = Release|Any CPU
		{0297CA60-7041-4583-83D8-F6FF45562645}.Release|x86.ActiveCfg = Release|Any CPU
		{0297CA60-7041-4583-83D8-F6FF45562645}.Release|x86.Build.0 = Release|Any CPU
		{E60C0E52-99A5-6C58-A2FE-53EA30B52FA3}.Debug|Any CPU.ActiveCfg = Debug|Any CPU
		{E60C0E52-99A5-6C58-A2FE-53EA30B52FA3}.Debug|Any CPU.Build.0 = Debug|Any CPU
		{E60C0E52-99A5-6C58-A2FE-53EA30B52FA3}.Debug|x64.ActiveCfg = Debug|Any CPU
		{E60C0E52-99A5-6C58-A2FE-53EA30B52FA3}.Debug|x64.Build.0 = Debug|Any CPU
		{E60C0E52-99A5-6C58-A2FE-53EA30B52FA3}.Debug|x86.ActiveCfg = Debug|Any CPU
		{E60C0E52-99A5-6C58-A2FE-53EA30B52FA3}.Debug|x86.Build.0 = Debug|Any CPU
		{E60C0E52-99A5-6C58-A2FE-53EA30B52FA3}.Release|Any CPU.ActiveCfg = Release|Any CPU
		{E60C0E52-99A5-6C58-A2FE-53EA30B52FA3}.Release|Any CPU.Build.0 = Release|Any CPU
		{E60C0E52-99A5-6C58-A2FE-53EA30B52FA3}.Release|x64.ActiveCfg = Release|Any CPU
		{E60C0E52-99A5-6C58-A2FE-53EA30B52FA3}.Release|x64.Build.0 = Release|Any CPU
		{E60C0E52-99A5-6C58-A2FE-53EA30B52FA3}.Release|x86.ActiveCfg = Release|Any CPU
		{E60C0E52-99A5-6C58-A2FE-53EA30B52FA3}.Release|x86.Build.0 = Release|Any CPU
		{9C4DA663-F36B-1807-9784-4D5FD0E26662}.Debug|Any CPU.ActiveCfg = Debug|Any CPU
		{9C4DA663-F36B-1807-9784-4D5FD0E26662}.Debug|Any CPU.Build.0 = Debug|Any CPU
		{9C4DA663-F36B-1807-9784-4D5FD0E26662}.Debug|x64.ActiveCfg = Debug|Any CPU
		{9C4DA663-F36B-1807-9784-4D5FD0E26662}.Debug|x64.Build.0 = Debug|Any CPU
		{9C4DA663-F36B-1807-9784-4D5FD0E26662}.Debug|x86.ActiveCfg = Debug|Any CPU
		{9C4DA663-F36B-1807-9784-4D5FD0E26662}.Debug|x86.Build.0 = Debug|Any CPU
		{9C4DA663-F36B-1807-9784-4D5FD0E26662}.Release|Any CPU.ActiveCfg = Release|Any CPU
		{9C4DA663-F36B-1807-9784-4D5FD0E26662}.Release|Any CPU.Build.0 = Release|Any CPU
		{9C4DA663-F36B-1807-9784-4D5FD0E26662}.Release|x64.ActiveCfg = Release|Any CPU
		{9C4DA663-F36B-1807-9784-4D5FD0E26662}.Release|x64.Build.0 = Release|Any CPU
		{9C4DA663-F36B-1807-9784-4D5FD0E26662}.Release|x86.ActiveCfg = Release|Any CPU
		{9C4DA663-F36B-1807-9784-4D5FD0E26662}.Release|x86.Build.0 = Release|Any CPU
		{1CA2D905-F187-A4C1-B3B9-FF7685F42EBD}.Debug|Any CPU.ActiveCfg = Debug|Any CPU
		{1CA2D905-F187-A4C1-B3B9-FF7685F42EBD}.Debug|Any CPU.Build.0 = Debug|Any CPU
		{1CA2D905-F187-A4C1-B3B9-FF7685F42EBD}.Debug|x64.ActiveCfg = Debug|Any CPU
		{1CA2D905-F187-A4C1-B3B9-FF7685F42EBD}.Debug|x64.Build.0 = Debug|Any CPU
		{1CA2D905-F187-A4C1-B3B9-FF7685F42EBD}.Debug|x86.ActiveCfg = Debug|Any CPU
		{1CA2D905-F187-A4C1-B3B9-FF7685F42EBD}.Debug|x86.Build.0 = Debug|Any CPU
		{1CA2D905-F187-A4C1-B3B9-FF7685F42EBD}.Release|Any CPU.ActiveCfg = Release|Any CPU
		{1CA2D905-F187-A4C1-B3B9-FF7685F42EBD}.Release|Any CPU.Build.0 = Release|Any CPU
		{1CA2D905-F187-A4C1-B3B9-FF7685F42EBD}.Release|x64.ActiveCfg = Release|Any CPU
		{1CA2D905-F187-A4C1-B3B9-FF7685F42EBD}.Release|x64.Build.0 = Release|Any CPU
		{1CA2D905-F187-A4C1-B3B9-FF7685F42EBD}.Release|x86.ActiveCfg = Release|Any CPU
		{1CA2D905-F187-A4C1-B3B9-FF7685F42EBD}.Release|x86.Build.0 = Release|Any CPU
		{D04867DA-EECF-9707-4087-6B61F9DC64CA}.Debug|Any CPU.ActiveCfg = Debug|Any CPU
		{D04867DA-EECF-9707-4087-6B61F9DC64CA}.Debug|Any CPU.Build.0 = Debug|Any CPU
		{D04867DA-EECF-9707-4087-6B61F9DC64CA}.Debug|x64.ActiveCfg = Debug|Any CPU
		{D04867DA-EECF-9707-4087-6B61F9DC64CA}.Debug|x64.Build.0 = Debug|Any CPU
		{D04867DA-EECF-9707-4087-6B61F9DC64CA}.Debug|x86.ActiveCfg = Debug|Any CPU
		{D04867DA-EECF-9707-4087-6B61F9DC64CA}.Debug|x86.Build.0 = Debug|Any CPU
		{D04867DA-EECF-9707-4087-6B61F9DC64CA}.Release|Any CPU.ActiveCfg = Release|Any CPU
		{D04867DA-EECF-9707-4087-6B61F9DC64CA}.Release|Any CPU.Build.0 = Release|Any CPU
		{D04867DA-EECF-9707-4087-6B61F9DC64CA}.Release|x64.ActiveCfg = Release|Any CPU
		{D04867DA-EECF-9707-4087-6B61F9DC64CA}.Release|x64.Build.0 = Release|Any CPU
		{D04867DA-EECF-9707-4087-6B61F9DC64CA}.Release|x86.ActiveCfg = Release|Any CPU
		{D04867DA-EECF-9707-4087-6B61F9DC64CA}.Release|x86.Build.0 = Release|Any CPU
		{F3BB159C-F6DF-25E4-0CED-157460A0B509}.Debug|Any CPU.ActiveCfg = Debug|Any CPU
		{F3BB159C-F6DF-25E4-0CED-157460A0B509}.Debug|Any CPU.Build.0 = Debug|Any CPU
		{F3BB159C-F6DF-25E4-0CED-157460A0B509}.Debug|x64.ActiveCfg = Debug|Any CPU
		{F3BB159C-F6DF-25E4-0CED-157460A0B509}.Debug|x64.Build.0 = Debug|Any CPU
		{F3BB159C-F6DF-25E4-0CED-157460A0B509}.Debug|x86.ActiveCfg = Debug|Any CPU
		{F3BB159C-F6DF-25E4-0CED-157460A0B509}.Debug|x86.Build.0 = Debug|Any CPU
		{F3BB159C-F6DF-25E4-0CED-157460A0B509}.Release|Any CPU.ActiveCfg = Release|Any CPU
		{F3BB159C-F6DF-25E4-0CED-157460A0B509}.Release|Any CPU.Build.0 = Release|Any CPU
		{F3BB159C-F6DF-25E4-0CED-157460A0B509}.Release|x64.ActiveCfg = Release|Any CPU
		{F3BB159C-F6DF-25E4-0CED-157460A0B509}.Release|x64.Build.0 = Release|Any CPU
		{F3BB159C-F6DF-25E4-0CED-157460A0B509}.Release|x86.ActiveCfg = Release|Any CPU
		{F3BB159C-F6DF-25E4-0CED-157460A0B509}.Release|x86.Build.0 = Release|Any CPU
		{38D21ADA-8DEE-A552-4E45-F40A15C58E6C}.Debug|Any CPU.ActiveCfg = Debug|Any CPU
		{38D21ADA-8DEE-A552-4E45-F40A15C58E6C}.Debug|Any CPU.Build.0 = Debug|Any CPU
		{38D21ADA-8DEE-A552-4E45-F40A15C58E6C}.Debug|x64.ActiveCfg = Debug|Any CPU
		{38D21ADA-8DEE-A552-4E45-F40A15C58E6C}.Debug|x64.Build.0 = Debug|Any CPU
		{38D21ADA-8DEE-A552-4E45-F40A15C58E6C}.Debug|x86.ActiveCfg = Debug|Any CPU
		{38D21ADA-8DEE-A552-4E45-F40A15C58E6C}.Debug|x86.Build.0 = Debug|Any CPU
		{38D21ADA-8DEE-A552-4E45-F40A15C58E6C}.Release|Any CPU.ActiveCfg = Release|Any CPU
		{38D21ADA-8DEE-A552-4E45-F40A15C58E6C}.Release|Any CPU.Build.0 = Release|Any CPU
		{38D21ADA-8DEE-A552-4E45-F40A15C58E6C}.Release|x64.ActiveCfg = Release|Any CPU
		{38D21ADA-8DEE-A552-4E45-F40A15C58E6C}.Release|x64.Build.0 = Release|Any CPU
		{38D21ADA-8DEE-A552-4E45-F40A15C58E6C}.Release|x86.ActiveCfg = Release|Any CPU
		{38D21ADA-8DEE-A552-4E45-F40A15C58E6C}.Release|x86.Build.0 = Release|Any CPU
		{C1009CC5-8CB1-F470-83AF-BF7F160FF34D}.Debug|Any CPU.ActiveCfg = Debug|Any CPU
		{C1009CC5-8CB1-F470-83AF-BF7F160FF34D}.Debug|Any CPU.Build.0 = Debug|Any CPU
		{C1009CC5-8CB1-F470-83AF-BF7F160FF34D}.Debug|x64.ActiveCfg = Debug|Any CPU
		{C1009CC5-8CB1-F470-83AF-BF7F160FF34D}.Debug|x64.Build.0 = Debug|Any CPU
		{C1009CC5-8CB1-F470-83AF-BF7F160FF34D}.Debug|x86.ActiveCfg = Debug|Any CPU
		{C1009CC5-8CB1-F470-83AF-BF7F160FF34D}.Debug|x86.Build.0 = Debug|Any CPU
		{C1009CC5-8CB1-F470-83AF-BF7F160FF34D}.Release|Any CPU.ActiveCfg = Release|Any CPU
		{C1009CC5-8CB1-F470-83AF-BF7F160FF34D}.Release|Any CPU.Build.0 = Release|Any CPU
		{C1009CC5-8CB1-F470-83AF-BF7F160FF34D}.Release|x64.ActiveCfg = Release|Any CPU
		{C1009CC5-8CB1-F470-83AF-BF7F160FF34D}.Release|x64.Build.0 = Release|Any CPU
		{C1009CC5-8CB1-F470-83AF-BF7F160FF34D}.Release|x86.ActiveCfg = Release|Any CPU
		{C1009CC5-8CB1-F470-83AF-BF7F160FF34D}.Release|x86.Build.0 = Release|Any CPU
		{C8D4DE59-D382-5B1C-5CAE-19AF2A561475}.Debug|Any CPU.ActiveCfg = Debug|Any CPU
		{C8D4DE59-D382-5B1C-5CAE-19AF2A561475}.Debug|Any CPU.Build.0 = Debug|Any CPU
		{C8D4DE59-D382-5B1C-5CAE-19AF2A561475}.Debug|x64.ActiveCfg = Debug|Any CPU
		{C8D4DE59-D382-5B1C-5CAE-19AF2A561475}.Debug|x64.Build.0 = Debug|Any CPU
		{C8D4DE59-D382-5B1C-5CAE-19AF2A561475}.Debug|x86.ActiveCfg = Debug|Any CPU
		{C8D4DE59-D382-5B1C-5CAE-19AF2A561475}.Debug|x86.Build.0 = Debug|Any CPU
		{C8D4DE59-D382-5B1C-5CAE-19AF2A561475}.Release|Any CPU.ActiveCfg = Release|Any CPU
		{C8D4DE59-D382-5B1C-5CAE-19AF2A561475}.Release|Any CPU.Build.0 = Release|Any CPU
		{C8D4DE59-D382-5B1C-5CAE-19AF2A561475}.Release|x64.ActiveCfg = Release|Any CPU
		{C8D4DE59-D382-5B1C-5CAE-19AF2A561475}.Release|x64.Build.0 = Release|Any CPU
		{C8D4DE59-D382-5B1C-5CAE-19AF2A561475}.Release|x86.ActiveCfg = Release|Any CPU
		{C8D4DE59-D382-5B1C-5CAE-19AF2A561475}.Release|x86.Build.0 = Release|Any CPU
		{81204CE1-E923-4EC7-A093-2E78D32C2E5F}.Debug|Any CPU.ActiveCfg = Debug|Any CPU
		{81204CE1-E923-4EC7-A093-2E78D32C2E5F}.Debug|Any CPU.Build.0 = Debug|Any CPU
		{81204CE1-E923-4EC7-A093-2E78D32C2E5F}.Debug|x64.ActiveCfg = Debug|Any CPU
		{81204CE1-E923-4EC7-A093-2E78D32C2E5F}.Debug|x64.Build.0 = Debug|Any CPU
		{81204CE1-E923-4EC7-A093-2E78D32C2E5F}.Debug|x86.ActiveCfg = Debug|Any CPU
		{81204CE1-E923-4EC7-A093-2E78D32C2E5F}.Debug|x86.Build.0 = Debug|Any CPU
		{81204CE1-E923-4EC7-A093-2E78D32C2E5F}.Release|Any CPU.ActiveCfg = Release|Any CPU
		{81204CE1-E923-4EC7-A093-2E78D32C2E5F}.Release|Any CPU.Build.0 = Release|Any CPU
		{81204CE1-E923-4EC7-A093-2E78D32C2E5F}.Release|x64.ActiveCfg = Release|Any CPU
		{81204CE1-E923-4EC7-A093-2E78D32C2E5F}.Release|x64.Build.0 = Release|Any CPU
		{81204CE1-E923-4EC7-A093-2E78D32C2E5F}.Release|x86.ActiveCfg = Release|Any CPU
		{81204CE1-E923-4EC7-A093-2E78D32C2E5F}.Release|x86.Build.0 = Release|Any CPU
		{5C70BA1A-5AFD-49EF-BD7F-A2EF99EA48C1}.Debug|Any CPU.ActiveCfg = Debug|Any CPU
		{5C70BA1A-5AFD-49EF-BD7F-A2EF99EA48C1}.Debug|Any CPU.Build.0 = Debug|Any CPU
		{5C70BA1A-5AFD-49EF-BD7F-A2EF99EA48C1}.Debug|x64.ActiveCfg = Debug|Any CPU
		{5C70BA1A-5AFD-49EF-BD7F-A2EF99EA48C1}.Debug|x64.Build.0 = Debug|Any CPU
		{5C70BA1A-5AFD-49EF-BD7F-A2EF99EA48C1}.Debug|x86.ActiveCfg = Debug|Any CPU
		{5C70BA1A-5AFD-49EF-BD7F-A2EF99EA48C1}.Debug|x86.Build.0 = Debug|Any CPU
		{5C70BA1A-5AFD-49EF-BD7F-A2EF99EA48C1}.Release|Any CPU.ActiveCfg = Release|Any CPU
		{5C70BA1A-5AFD-49EF-BD7F-A2EF99EA48C1}.Release|Any CPU.Build.0 = Release|Any CPU
		{5C70BA1A-5AFD-49EF-BD7F-A2EF99EA48C1}.Release|x64.ActiveCfg = Release|Any CPU
		{5C70BA1A-5AFD-49EF-BD7F-A2EF99EA48C1}.Release|x64.Build.0 = Release|Any CPU
		{5C70BA1A-5AFD-49EF-BD7F-A2EF99EA48C1}.Release|x86.ActiveCfg = Release|Any CPU
		{5C70BA1A-5AFD-49EF-BD7F-A2EF99EA48C1}.Release|x86.Build.0 = Release|Any CPU
		{1EBDB7AA-C611-4649-B5BF-F68BA34BE14A}.Debug|Any CPU.ActiveCfg = Debug|Any CPU
		{1EBDB7AA-C611-4649-B5BF-F68BA34BE14A}.Debug|Any CPU.Build.0 = Debug|Any CPU
		{1EBDB7AA-C611-4649-B5BF-F68BA34BE14A}.Debug|x64.ActiveCfg = Debug|Any CPU
		{1EBDB7AA-C611-4649-B5BF-F68BA34BE14A}.Debug|x64.Build.0 = Debug|Any CPU
		{1EBDB7AA-C611-4649-B5BF-F68BA34BE14A}.Debug|x86.ActiveCfg = Debug|Any CPU
		{1EBDB7AA-C611-4649-B5BF-F68BA34BE14A}.Debug|x86.Build.0 = Debug|Any CPU
		{1EBDB7AA-C611-4649-B5BF-F68BA34BE14A}.Release|Any CPU.ActiveCfg = Release|Any CPU
		{1EBDB7AA-C611-4649-B5BF-F68BA34BE14A}.Release|Any CPU.Build.0 = Release|Any CPU
		{1EBDB7AA-C611-4649-B5BF-F68BA34BE14A}.Release|x64.ActiveCfg = Release|Any CPU
		{1EBDB7AA-C611-4649-B5BF-F68BA34BE14A}.Release|x64.Build.0 = Release|Any CPU
		{1EBDB7AA-C611-4649-B5BF-F68BA34BE14A}.Release|x86.ActiveCfg = Release|Any CPU
		{1EBDB7AA-C611-4649-B5BF-F68BA34BE14A}.Release|x86.Build.0 = Release|Any CPU
		{EE183DEB-CCF4-176A-3376-F9715830D3F7}.Debug|Any CPU.ActiveCfg = Debug|Any CPU
		{EE183DEB-CCF4-176A-3376-F9715830D3F7}.Debug|Any CPU.Build.0 = Debug|Any CPU
		{EE183DEB-CCF4-176A-3376-F9715830D3F7}.Debug|x64.ActiveCfg = Debug|Any CPU
		{EE183DEB-CCF4-176A-3376-F9715830D3F7}.Debug|x64.Build.0 = Debug|Any CPU
		{EE183DEB-CCF4-176A-3376-F9715830D3F7}.Debug|x86.ActiveCfg = Debug|Any CPU
		{EE183DEB-CCF4-176A-3376-F9715830D3F7}.Debug|x86.Build.0 = Debug|Any CPU
		{EE183DEB-CCF4-176A-3376-F9715830D3F7}.Release|Any CPU.ActiveCfg = Release|Any CPU
		{EE183DEB-CCF4-176A-3376-F9715830D3F7}.Release|Any CPU.Build.0 = Release|Any CPU
		{EE183DEB-CCF4-176A-3376-F9715830D3F7}.Release|x64.ActiveCfg = Release|Any CPU
		{EE183DEB-CCF4-176A-3376-F9715830D3F7}.Release|x64.Build.0 = Release|Any CPU
		{EE183DEB-CCF4-176A-3376-F9715830D3F7}.Release|x86.ActiveCfg = Release|Any CPU
		{EE183DEB-CCF4-176A-3376-F9715830D3F7}.Release|x86.Build.0 = Release|Any CPU
		{A35C6682-1095-4D3E-B5FF-85E36800023F}.Debug|Any CPU.ActiveCfg = Debug|Any CPU
		{A35C6682-1095-4D3E-B5FF-85E36800023F}.Debug|Any CPU.Build.0 = Debug|Any CPU
		{A35C6682-1095-4D3E-B5FF-85E36800023F}.Debug|x64.ActiveCfg = Debug|Any CPU
		{A35C6682-1095-4D3E-B5FF-85E36800023F}.Debug|x64.Build.0 = Debug|Any CPU
		{A35C6682-1095-4D3E-B5FF-85E36800023F}.Debug|x86.ActiveCfg = Debug|Any CPU
		{A35C6682-1095-4D3E-B5FF-85E36800023F}.Debug|x86.Build.0 = Debug|Any CPU
		{A35C6682-1095-4D3E-B5FF-85E36800023F}.Release|Any CPU.ActiveCfg = Release|Any CPU
		{A35C6682-1095-4D3E-B5FF-85E36800023F}.Release|Any CPU.Build.0 = Release|Any CPU
		{A35C6682-1095-4D3E-B5FF-85E36800023F}.Release|x64.ActiveCfg = Release|Any CPU
		{A35C6682-1095-4D3E-B5FF-85E36800023F}.Release|x64.Build.0 = Release|Any CPU
		{A35C6682-1095-4D3E-B5FF-85E36800023F}.Release|x86.ActiveCfg = Release|Any CPU
		{A35C6682-1095-4D3E-B5FF-85E36800023F}.Release|x86.Build.0 = Release|Any CPU
		{D29C1EB5-1EAE-47E2-A47E-9E2A7BE86FF6}.Debug|Any CPU.ActiveCfg = Debug|Any CPU
		{D29C1EB5-1EAE-47E2-A47E-9E2A7BE86FF6}.Debug|Any CPU.Build.0 = Debug|Any CPU
		{D29C1EB5-1EAE-47E2-A47E-9E2A7BE86FF6}.Debug|x64.ActiveCfg = Debug|Any CPU
		{D29C1EB5-1EAE-47E2-A47E-9E2A7BE86FF6}.Debug|x64.Build.0 = Debug|Any CPU
		{D29C1EB5-1EAE-47E2-A47E-9E2A7BE86FF6}.Debug|x86.ActiveCfg = Debug|Any CPU
		{D29C1EB5-1EAE-47E2-A47E-9E2A7BE86FF6}.Debug|x86.Build.0 = Debug|Any CPU
		{D29C1EB5-1EAE-47E2-A47E-9E2A7BE86FF6}.Release|Any CPU.ActiveCfg = Release|Any CPU
		{D29C1EB5-1EAE-47E2-A47E-9E2A7BE86FF6}.Release|Any CPU.Build.0 = Release|Any CPU
		{D29C1EB5-1EAE-47E2-A47E-9E2A7BE86FF6}.Release|x64.ActiveCfg = Release|Any CPU
		{D29C1EB5-1EAE-47E2-A47E-9E2A7BE86FF6}.Release|x64.Build.0 = Release|Any CPU
		{D29C1EB5-1EAE-47E2-A47E-9E2A7BE86FF6}.Release|x86.ActiveCfg = Release|Any CPU
		{D29C1EB5-1EAE-47E2-A47E-9E2A7BE86FF6}.Release|x86.Build.0 = Release|Any CPU
		{5FFCB1ED-DBD6-4664-B053-D4707A0D8598}.Debug|Any CPU.ActiveCfg = Debug|Any CPU
		{5FFCB1ED-DBD6-4664-B053-D4707A0D8598}.Debug|Any CPU.Build.0 = Debug|Any CPU
		{5FFCB1ED-DBD6-4664-B053-D4707A0D8598}.Debug|x64.ActiveCfg = Debug|Any CPU
		{5FFCB1ED-DBD6-4664-B053-D4707A0D8598}.Debug|x64.Build.0 = Debug|Any CPU
		{5FFCB1ED-DBD6-4664-B053-D4707A0D8598}.Debug|x86.ActiveCfg = Debug|Any CPU
		{5FFCB1ED-DBD6-4664-B053-D4707A0D8598}.Debug|x86.Build.0 = Debug|Any CPU
		{5FFCB1ED-DBD6-4664-B053-D4707A0D8598}.Release|Any CPU.ActiveCfg = Release|Any CPU
		{5FFCB1ED-DBD6-4664-B053-D4707A0D8598}.Release|Any CPU.Build.0 = Release|Any CPU
		{5FFCB1ED-DBD6-4664-B053-D4707A0D8598}.Release|x64.ActiveCfg = Release|Any CPU
		{5FFCB1ED-DBD6-4664-B053-D4707A0D8598}.Release|x64.Build.0 = Release|Any CPU
		{5FFCB1ED-DBD6-4664-B053-D4707A0D8598}.Release|x86.ActiveCfg = Release|Any CPU
		{5FFCB1ED-DBD6-4664-B053-D4707A0D8598}.Release|x86.Build.0 = Release|Any CPU
		{6571B00A-5FEB-4BAF-8417-1A6995F23072}.Debug|Any CPU.ActiveCfg = Debug|Any CPU
		{6571B00A-5FEB-4BAF-8417-1A6995F23072}.Debug|Any CPU.Build.0 = Debug|Any CPU
		{6571B00A-5FEB-4BAF-8417-1A6995F23072}.Debug|x64.ActiveCfg = Debug|Any CPU
		{6571B00A-5FEB-4BAF-8417-1A6995F23072}.Debug|x64.Build.0 = Debug|Any CPU
		{6571B00A-5FEB-4BAF-8417-1A6995F23072}.Debug|x86.ActiveCfg = Debug|Any CPU
		{6571B00A-5FEB-4BAF-8417-1A6995F23072}.Debug|x86.Build.0 = Debug|Any CPU
		{6571B00A-5FEB-4BAF-8417-1A6995F23072}.Release|Any CPU.ActiveCfg = Release|Any CPU
		{6571B00A-5FEB-4BAF-8417-1A6995F23072}.Release|Any CPU.Build.0 = Release|Any CPU
		{6571B00A-5FEB-4BAF-8417-1A6995F23072}.Release|x64.ActiveCfg = Release|Any CPU
		{6571B00A-5FEB-4BAF-8417-1A6995F23072}.Release|x64.Build.0 = Release|Any CPU
		{6571B00A-5FEB-4BAF-8417-1A6995F23072}.Release|x86.ActiveCfg = Release|Any CPU
		{6571B00A-5FEB-4BAF-8417-1A6995F23072}.Release|x86.Build.0 = Release|Any CPU
		{F576B4BD-A002-4B4D-914D-32D6624141D2}.Debug|Any CPU.ActiveCfg = Debug|Any CPU
		{F576B4BD-A002-4B4D-914D-32D6624141D2}.Debug|Any CPU.Build.0 = Debug|Any CPU
		{F576B4BD-A002-4B4D-914D-32D6624141D2}.Debug|x64.ActiveCfg = Debug|Any CPU
		{F576B4BD-A002-4B4D-914D-32D6624141D2}.Debug|x64.Build.0 = Debug|Any CPU
		{F576B4BD-A002-4B4D-914D-32D6624141D2}.Debug|x86.ActiveCfg = Debug|Any CPU
		{F576B4BD-A002-4B4D-914D-32D6624141D2}.Debug|x86.Build.0 = Debug|Any CPU
		{F576B4BD-A002-4B4D-914D-32D6624141D2}.Release|Any CPU.ActiveCfg = Release|Any CPU
		{F576B4BD-A002-4B4D-914D-32D6624141D2}.Release|Any CPU.Build.0 = Release|Any CPU
		{F576B4BD-A002-4B4D-914D-32D6624141D2}.Release|x64.ActiveCfg = Release|Any CPU
		{F576B4BD-A002-4B4D-914D-32D6624141D2}.Release|x64.Build.0 = Release|Any CPU
		{F576B4BD-A002-4B4D-914D-32D6624141D2}.Release|x86.ActiveCfg = Release|Any CPU
		{F576B4BD-A002-4B4D-914D-32D6624141D2}.Release|x86.Build.0 = Release|Any CPU
		{FC78E245-CDEE-D348-16FF-29F030AFF544}.Debug|Any CPU.ActiveCfg = Debug|Any CPU
		{FC78E245-CDEE-D348-16FF-29F030AFF544}.Debug|Any CPU.Build.0 = Debug|Any CPU
		{FC78E245-CDEE-D348-16FF-29F030AFF544}.Debug|x64.ActiveCfg = Debug|Any CPU
		{FC78E245-CDEE-D348-16FF-29F030AFF544}.Debug|x64.Build.0 = Debug|Any CPU
		{FC78E245-CDEE-D348-16FF-29F030AFF544}.Debug|x86.ActiveCfg = Debug|Any CPU
		{FC78E245-CDEE-D348-16FF-29F030AFF544}.Debug|x86.Build.0 = Debug|Any CPU
		{FC78E245-CDEE-D348-16FF-29F030AFF544}.Release|Any CPU.ActiveCfg = Release|Any CPU
		{FC78E245-CDEE-D348-16FF-29F030AFF544}.Release|Any CPU.Build.0 = Release|Any CPU
		{FC78E245-CDEE-D348-16FF-29F030AFF544}.Release|x64.ActiveCfg = Release|Any CPU
		{FC78E245-CDEE-D348-16FF-29F030AFF544}.Release|x64.Build.0 = Release|Any CPU
		{FC78E245-CDEE-D348-16FF-29F030AFF544}.Release|x86.ActiveCfg = Release|Any CPU
		{FC78E245-CDEE-D348-16FF-29F030AFF544}.Release|x86.Build.0 = Release|Any CPU
		{52F45D68-E135-C3DD-AFD9-D84927DF3887}.Debug|Any CPU.ActiveCfg = Debug|Any CPU
		{52F45D68-E135-C3DD-AFD9-D84927DF3887}.Debug|Any CPU.Build.0 = Debug|Any CPU
		{52F45D68-E135-C3DD-AFD9-D84927DF3887}.Debug|x64.ActiveCfg = Debug|Any CPU
		{52F45D68-E135-C3DD-AFD9-D84927DF3887}.Debug|x64.Build.0 = Debug|Any CPU
		{52F45D68-E135-C3DD-AFD9-D84927DF3887}.Debug|x86.ActiveCfg = Debug|Any CPU
		{52F45D68-E135-C3DD-AFD9-D84927DF3887}.Debug|x86.Build.0 = Debug|Any CPU
		{52F45D68-E135-C3DD-AFD9-D84927DF3887}.Release|Any CPU.ActiveCfg = Release|Any CPU
		{52F45D68-E135-C3DD-AFD9-D84927DF3887}.Release|Any CPU.Build.0 = Release|Any CPU
		{52F45D68-E135-C3DD-AFD9-D84927DF3887}.Release|x64.ActiveCfg = Release|Any CPU
		{52F45D68-E135-C3DD-AFD9-D84927DF3887}.Release|x64.Build.0 = Release|Any CPU
		{52F45D68-E135-C3DD-AFD9-D84927DF3887}.Release|x86.ActiveCfg = Release|Any CPU
		{52F45D68-E135-C3DD-AFD9-D84927DF3887}.Release|x86.Build.0 = Release|Any CPU
		{67A981DD-2C3A-9A52-C0BF-1EA03C85AE54}.Debug|Any CPU.ActiveCfg = Debug|Any CPU
		{67A981DD-2C3A-9A52-C0BF-1EA03C85AE54}.Debug|Any CPU.Build.0 = Debug|Any CPU
		{67A981DD-2C3A-9A52-C0BF-1EA03C85AE54}.Debug|x64.ActiveCfg = Debug|Any CPU
		{67A981DD-2C3A-9A52-C0BF-1EA03C85AE54}.Debug|x64.Build.0 = Debug|Any CPU
		{67A981DD-2C3A-9A52-C0BF-1EA03C85AE54}.Debug|x86.ActiveCfg = Debug|Any CPU
		{67A981DD-2C3A-9A52-C0BF-1EA03C85AE54}.Debug|x86.Build.0 = Debug|Any CPU
		{67A981DD-2C3A-9A52-C0BF-1EA03C85AE54}.Release|Any CPU.ActiveCfg = Release|Any CPU
		{67A981DD-2C3A-9A52-C0BF-1EA03C85AE54}.Release|Any CPU.Build.0 = Release|Any CPU
		{67A981DD-2C3A-9A52-C0BF-1EA03C85AE54}.Release|x64.ActiveCfg = Release|Any CPU
		{67A981DD-2C3A-9A52-C0BF-1EA03C85AE54}.Release|x64.Build.0 = Release|Any CPU
		{67A981DD-2C3A-9A52-C0BF-1EA03C85AE54}.Release|x86.ActiveCfg = Release|Any CPU
		{67A981DD-2C3A-9A52-C0BF-1EA03C85AE54}.Release|x86.Build.0 = Release|Any CPU
		{F80F4239-255B-F451-286C-592DD53D6C1F}.Debug|Any CPU.ActiveCfg = Debug|Any CPU
		{F80F4239-255B-F451-286C-592DD53D6C1F}.Debug|Any CPU.Build.0 = Debug|Any CPU
		{F80F4239-255B-F451-286C-592DD53D6C1F}.Debug|x64.ActiveCfg = Debug|Any CPU
		{F80F4239-255B-F451-286C-592DD53D6C1F}.Debug|x64.Build.0 = Debug|Any CPU
		{F80F4239-255B-F451-286C-592DD53D6C1F}.Debug|x86.ActiveCfg = Debug|Any CPU
		{F80F4239-255B-F451-286C-592DD53D6C1F}.Debug|x86.Build.0 = Debug|Any CPU
		{F80F4239-255B-F451-286C-592DD53D6C1F}.Release|Any CPU.ActiveCfg = Release|Any CPU
		{F80F4239-255B-F451-286C-592DD53D6C1F}.Release|Any CPU.Build.0 = Release|Any CPU
		{F80F4239-255B-F451-286C-592DD53D6C1F}.Release|x64.ActiveCfg = Release|Any CPU
		{F80F4239-255B-F451-286C-592DD53D6C1F}.Release|x64.Build.0 = Release|Any CPU
		{F80F4239-255B-F451-286C-592DD53D6C1F}.Release|x86.ActiveCfg = Release|Any CPU
		{F80F4239-255B-F451-286C-592DD53D6C1F}.Release|x86.Build.0 = Release|Any CPU
		{2CA55D3F-4F47-2131-69DF-BF5FC940F0A2}.Debug|Any CPU.ActiveCfg = Debug|Any CPU
		{2CA55D3F-4F47-2131-69DF-BF5FC940F0A2}.Debug|Any CPU.Build.0 = Debug|Any CPU
		{2CA55D3F-4F47-2131-69DF-BF5FC940F0A2}.Debug|x64.ActiveCfg = Debug|Any CPU
		{2CA55D3F-4F47-2131-69DF-BF5FC940F0A2}.Debug|x64.Build.0 = Debug|Any CPU
		{2CA55D3F-4F47-2131-69DF-BF5FC940F0A2}.Debug|x86.ActiveCfg = Debug|Any CPU
		{2CA55D3F-4F47-2131-69DF-BF5FC940F0A2}.Debug|x86.Build.0 = Debug|Any CPU
		{2CA55D3F-4F47-2131-69DF-BF5FC940F0A2}.Release|Any CPU.ActiveCfg = Release|Any CPU
		{2CA55D3F-4F47-2131-69DF-BF5FC940F0A2}.Release|Any CPU.Build.0 = Release|Any CPU
		{2CA55D3F-4F47-2131-69DF-BF5FC940F0A2}.Release|x64.ActiveCfg = Release|Any CPU
		{2CA55D3F-4F47-2131-69DF-BF5FC940F0A2}.Release|x64.Build.0 = Release|Any CPU
		{2CA55D3F-4F47-2131-69DF-BF5FC940F0A2}.Release|x86.ActiveCfg = Release|Any CPU
		{2CA55D3F-4F47-2131-69DF-BF5FC940F0A2}.Release|x86.Build.0 = Release|Any CPU
		{AA1B0737-1BA5-59A6-DA45-D1056EF58541}.Debug|Any CPU.ActiveCfg = Debug|Any CPU
		{AA1B0737-1BA5-59A6-DA45-D1056EF58541}.Debug|Any CPU.Build.0 = Debug|Any CPU
		{AA1B0737-1BA5-59A6-DA45-D1056EF58541}.Debug|x64.ActiveCfg = Debug|Any CPU
		{AA1B0737-1BA5-59A6-DA45-D1056EF58541}.Debug|x64.Build.0 = Debug|Any CPU
		{AA1B0737-1BA5-59A6-DA45-D1056EF58541}.Debug|x86.ActiveCfg = Debug|Any CPU
		{AA1B0737-1BA5-59A6-DA45-D1056EF58541}.Debug|x86.Build.0 = Debug|Any CPU
		{AA1B0737-1BA5-59A6-DA45-D1056EF58541}.Release|Any CPU.ActiveCfg = Release|Any CPU
		{AA1B0737-1BA5-59A6-DA45-D1056EF58541}.Release|Any CPU.Build.0 = Release|Any CPU
		{AA1B0737-1BA5-59A6-DA45-D1056EF58541}.Release|x64.ActiveCfg = Release|Any CPU
		{AA1B0737-1BA5-59A6-DA45-D1056EF58541}.Release|x64.Build.0 = Release|Any CPU
		{AA1B0737-1BA5-59A6-DA45-D1056EF58541}.Release|x86.ActiveCfg = Release|Any CPU
		{AA1B0737-1BA5-59A6-DA45-D1056EF58541}.Release|x86.Build.0 = Release|Any CPU
		{B83D4818-A5E8-4F3C-9122-119D97B2EA0F}.Debug|Any CPU.ActiveCfg = Debug|Any CPU
		{B83D4818-A5E8-4F3C-9122-119D97B2EA0F}.Debug|Any CPU.Build.0 = Debug|Any CPU
		{B83D4818-A5E8-4F3C-9122-119D97B2EA0F}.Debug|x64.ActiveCfg = Debug|Any CPU
		{B83D4818-A5E8-4F3C-9122-119D97B2EA0F}.Debug|x64.Build.0 = Debug|Any CPU
		{B83D4818-A5E8-4F3C-9122-119D97B2EA0F}.Debug|x86.ActiveCfg = Debug|Any CPU
		{B83D4818-A5E8-4F3C-9122-119D97B2EA0F}.Debug|x86.Build.0 = Debug|Any CPU
		{B83D4818-A5E8-4F3C-9122-119D97B2EA0F}.Release|Any CPU.ActiveCfg = Release|Any CPU
		{B83D4818-A5E8-4F3C-9122-119D97B2EA0F}.Release|Any CPU.Build.0 = Release|Any CPU
		{B83D4818-A5E8-4F3C-9122-119D97B2EA0F}.Release|x64.ActiveCfg = Release|Any CPU
		{B83D4818-A5E8-4F3C-9122-119D97B2EA0F}.Release|x64.Build.0 = Release|Any CPU
		{B83D4818-A5E8-4F3C-9122-119D97B2EA0F}.Release|x86.ActiveCfg = Release|Any CPU
		{B83D4818-A5E8-4F3C-9122-119D97B2EA0F}.Release|x86.Build.0 = Release|Any CPU
		{02C401EF-04EC-4A27-AD2C-8C65E8011404}.Debug|Any CPU.ActiveCfg = Debug|Any CPU
		{02C401EF-04EC-4A27-AD2C-8C65E8011404}.Debug|Any CPU.Build.0 = Debug|Any CPU
		{02C401EF-04EC-4A27-AD2C-8C65E8011404}.Debug|x64.ActiveCfg = Debug|Any CPU
		{02C401EF-04EC-4A27-AD2C-8C65E8011404}.Debug|x64.Build.0 = Debug|Any CPU
		{02C401EF-04EC-4A27-AD2C-8C65E8011404}.Debug|x86.ActiveCfg = Debug|Any CPU
		{02C401EF-04EC-4A27-AD2C-8C65E8011404}.Debug|x86.Build.0 = Debug|Any CPU
		{02C401EF-04EC-4A27-AD2C-8C65E8011404}.Release|Any CPU.ActiveCfg = Release|Any CPU
		{02C401EF-04EC-4A27-AD2C-8C65E8011404}.Release|Any CPU.Build.0 = Release|Any CPU
		{02C401EF-04EC-4A27-AD2C-8C65E8011404}.Release|x64.ActiveCfg = Release|Any CPU
		{02C401EF-04EC-4A27-AD2C-8C65E8011404}.Release|x64.Build.0 = Release|Any CPU
		{02C401EF-04EC-4A27-AD2C-8C65E8011404}.Release|x86.ActiveCfg = Release|Any CPU
		{02C401EF-04EC-4A27-AD2C-8C65E8011404}.Release|x86.Build.0 = Release|Any CPU
		{88065EDE-FDE6-4093-B708-27BC57EC0D06}.Debug|Any CPU.ActiveCfg = Debug|Any CPU
		{88065EDE-FDE6-4093-B708-27BC57EC0D06}.Debug|Any CPU.Build.0 = Debug|Any CPU
		{88065EDE-FDE6-4093-B708-27BC57EC0D06}.Debug|x64.ActiveCfg = Debug|Any CPU
		{88065EDE-FDE6-4093-B708-27BC57EC0D06}.Debug|x64.Build.0 = Debug|Any CPU
		{88065EDE-FDE6-4093-B708-27BC57EC0D06}.Debug|x86.ActiveCfg = Debug|Any CPU
		{88065EDE-FDE6-4093-B708-27BC57EC0D06}.Debug|x86.Build.0 = Debug|Any CPU
		{88065EDE-FDE6-4093-B708-27BC57EC0D06}.Release|Any CPU.ActiveCfg = Release|Any CPU
		{88065EDE-FDE6-4093-B708-27BC57EC0D06}.Release|Any CPU.Build.0 = Release|Any CPU
		{88065EDE-FDE6-4093-B708-27BC57EC0D06}.Release|x64.ActiveCfg = Release|Any CPU
		{88065EDE-FDE6-4093-B708-27BC57EC0D06}.Release|x64.Build.0 = Release|Any CPU
		{88065EDE-FDE6-4093-B708-27BC57EC0D06}.Release|x86.ActiveCfg = Release|Any CPU
		{88065EDE-FDE6-4093-B708-27BC57EC0D06}.Release|x86.Build.0 = Release|Any CPU
		{D4A1E2B3-C5D6-4F7A-8B9C-0D1E2F3A4B5C}.Debug|Any CPU.ActiveCfg = Debug|Any CPU
		{D4A1E2B3-C5D6-4F7A-8B9C-0D1E2F3A4B5C}.Debug|Any CPU.Build.0 = Debug|Any CPU
		{D4A1E2B3-C5D6-4F7A-8B9C-0D1E2F3A4B5C}.Debug|x64.ActiveCfg = Debug|Any CPU
		{D4A1E2B3-C5D6-4F7A-8B9C-0D1E2F3A4B5C}.Debug|x64.Build.0 = Debug|Any CPU
		{D4A1E2B3-C5D6-4F7A-8B9C-0D1E2F3A4B5C}.Debug|x86.ActiveCfg = Debug|Any CPU
		{D4A1E2B3-C5D6-4F7A-8B9C-0D1E2F3A4B5C}.Debug|x86.Build.0 = Debug|Any CPU
		{D4A1E2B3-C5D6-4F7A-8B9C-0D1E2F3A4B5C}.Release|Any CPU.ActiveCfg = Release|Any CPU
		{D4A1E2B3-C5D6-4F7A-8B9C-0D1E2F3A4B5C}.Release|Any CPU.Build.0 = Release|Any CPU
		{D4A1E2B3-C5D6-4F7A-8B9C-0D1E2F3A4B5C}.Release|x64.ActiveCfg = Release|Any CPU
		{D4A1E2B3-C5D6-4F7A-8B9C-0D1E2F3A4B5C}.Release|x64.Build.0 = Release|Any CPU
		{D4A1E2B3-C5D6-4F7A-8B9C-0D1E2F3A4B5C}.Release|x86.ActiveCfg = Release|Any CPU
		{D4A1E2B3-C5D6-4F7A-8B9C-0D1E2F3A4B5C}.Release|x86.Build.0 = Release|Any CPU
		{816C4102-CFC1-487A-986D-D2281942C197}.Debug|Any CPU.ActiveCfg = Debug|Any CPU
		{816C4102-CFC1-487A-986D-D2281942C197}.Debug|Any CPU.Build.0 = Debug|Any CPU
		{816C4102-CFC1-487A-986D-D2281942C197}.Debug|x64.ActiveCfg = Debug|Any CPU
		{816C4102-CFC1-487A-986D-D2281942C197}.Debug|x64.Build.0 = Debug|Any CPU
		{816C4102-CFC1-487A-986D-D2281942C197}.Debug|x86.ActiveCfg = Debug|Any CPU
		{816C4102-CFC1-487A-986D-D2281942C197}.Debug|x86.Build.0 = Debug|Any CPU
		{816C4102-CFC1-487A-986D-D2281942C197}.Release|Any CPU.ActiveCfg = Release|Any CPU
		{816C4102-CFC1-487A-986D-D2281942C197}.Release|Any CPU.Build.0 = Release|Any CPU
		{816C4102-CFC1-487A-986D-D2281942C197}.Release|x64.ActiveCfg = Release|Any CPU
		{816C4102-CFC1-487A-986D-D2281942C197}.Release|x64.Build.0 = Release|Any CPU
		{816C4102-CFC1-487A-986D-D2281942C197}.Release|x86.ActiveCfg = Release|Any CPU
		{816C4102-CFC1-487A-986D-D2281942C197}.Release|x86.Build.0 = Release|Any CPU
		{AE5F416E-AD71-98CC-4DBB-BDD89D9FBB3A}.Debug|Any CPU.ActiveCfg = Debug|Any CPU
		{AE5F416E-AD71-98CC-4DBB-BDD89D9FBB3A}.Debug|Any CPU.Build.0 = Debug|Any CPU
		{AE5F416E-AD71-98CC-4DBB-BDD89D9FBB3A}.Debug|x64.ActiveCfg = Debug|Any CPU
		{AE5F416E-AD71-98CC-4DBB-BDD89D9FBB3A}.Debug|x64.Build.0 = Debug|Any CPU
		{AE5F416E-AD71-98CC-4DBB-BDD89D9FBB3A}.Debug|x86.ActiveCfg = Debug|Any CPU
		{AE5F416E-AD71-98CC-4DBB-BDD89D9FBB3A}.Debug|x86.Build.0 = Debug|Any CPU
		{AE5F416E-AD71-98CC-4DBB-BDD89D9FBB3A}.Release|Any CPU.ActiveCfg = Release|Any CPU
		{AE5F416E-AD71-98CC-4DBB-BDD89D9FBB3A}.Release|Any CPU.Build.0 = Release|Any CPU
		{AE5F416E-AD71-98CC-4DBB-BDD89D9FBB3A}.Release|x64.ActiveCfg = Release|Any CPU
		{AE5F416E-AD71-98CC-4DBB-BDD89D9FBB3A}.Release|x64.Build.0 = Release|Any CPU
		{AE5F416E-AD71-98CC-4DBB-BDD89D9FBB3A}.Release|x86.ActiveCfg = Release|Any CPU
		{AE5F416E-AD71-98CC-4DBB-BDD89D9FBB3A}.Release|x86.Build.0 = Release|Any CPU
	EndGlobalSection
	GlobalSection(SolutionProperties) = preSolution
		HideSolutionNode = FALSE
	EndGlobalSection
	GlobalSection(NestedProjects) = preSolution
		{38D5C7A4-0321-4333-B507-09A7C0B408C7} = {846F02B2-9911-4D62-9696-C7AF261FC7C7}
		{0B1497A8-6F6E-4DCB-AF43-638A5983860F} = {846F02B2-9911-4D62-9696-C7AF261FC7C7}
		{F7BB3592-2BD0-4E75-9C32-EC4070F1B01E} = {846F02B2-9911-4D62-9696-C7AF261FC7C7}
		{0144F4F7-8BF0-4206-A6AB-7AAAA9F967D1} = {846F02B2-9911-4D62-9696-C7AF261FC7C7}
		{38370FEE-2BED-DA48-039B-38B08C31C464} = {F1CDD528-3A1F-470D-9EF9-B3FB133A6FEE}
		{09886AE2-41C0-1085-6735-C9DA9E15A432} = {D9448966-738B-491F-808C-D3CA93154F02}
		{0297CA60-7041-4583-83D8-F6FF45562645} = {D9448966-738B-491F-808C-D3CA93154F02}
		{E60C0E52-99A5-6C58-A2FE-53EA30B52FA3} = {F1CDD528-3A1F-470D-9EF9-B3FB133A6FEE}
		{9C4DA663-F36B-1807-9784-4D5FD0E26662} = {F1CDD528-3A1F-470D-9EF9-B3FB133A6FEE}
		{1CA2D905-F187-A4C1-B3B9-FF7685F42EBD} = {F1CDD528-3A1F-470D-9EF9-B3FB133A6FEE}
		{D04867DA-EECF-9707-4087-6B61F9DC64CA} = {D9448966-738B-491F-808C-D3CA93154F02}
		{F3BB159C-F6DF-25E4-0CED-157460A0B509} = {D9448966-738B-491F-808C-D3CA93154F02}
		{38D21ADA-8DEE-A552-4E45-F40A15C58E6C} = {D9448966-738B-491F-808C-D3CA93154F02}
		{C1009CC5-8CB1-F470-83AF-BF7F160FF34D} = {D9448966-738B-491F-808C-D3CA93154F02}
		{C8D4DE59-D382-5B1C-5CAE-19AF2A561475} = {D2170853-0866-47B3-B1AF-D07763F67315}
		{81204CE1-E923-4EC7-A093-2E78D32C2E5F} = {F1CDD528-3A1F-470D-9EF9-B3FB133A6FEE}
		{5C70BA1A-5AFD-49EF-BD7F-A2EF99EA48C1} = {F1CDD528-3A1F-470D-9EF9-B3FB133A6FEE}
		{1EBDB7AA-C611-4649-B5BF-F68BA34BE14A} = {D9448966-738B-491F-808C-D3CA93154F02}
		{EE183DEB-CCF4-176A-3376-F9715830D3F7} = {D9448966-738B-491F-808C-D3CA93154F02}
		{A35C6682-1095-4D3E-B5FF-85E36800023F} = {F1CDD528-3A1F-470D-9EF9-B3FB133A6FEE}
		{D29C1EB5-1EAE-47E2-A47E-9E2A7BE86FF6} = {F1CDD528-3A1F-470D-9EF9-B3FB133A6FEE}
		{5FFCB1ED-DBD6-4664-B053-D4707A0D8598} = {F1CDD528-3A1F-470D-9EF9-B3FB133A6FEE}
		{6571B00A-5FEB-4BAF-8417-1A6995F23072} = {F1CDD528-3A1F-470D-9EF9-B3FB133A6FEE}
		{F576B4BD-A002-4B4D-914D-32D6624141D2} = {F1CDD528-3A1F-470D-9EF9-B3FB133A6FEE}
		{FC78E245-CDEE-D348-16FF-29F030AFF544} = {D9448966-738B-491F-808C-D3CA93154F02}
		{52F45D68-E135-C3DD-AFD9-D84927DF3887} = {D9448966-738B-491F-808C-D3CA93154F02}
		{67A981DD-2C3A-9A52-C0BF-1EA03C85AE54} = {D9448966-738B-491F-808C-D3CA93154F02}
		{F80F4239-255B-F451-286C-592DD53D6C1F} = {D9448966-738B-491F-808C-D3CA93154F02}
		{2CA55D3F-4F47-2131-69DF-BF5FC940F0A2} = {D9448966-738B-491F-808C-D3CA93154F02}
		{AA1B0737-1BA5-59A6-DA45-D1056EF58541} = {F1CDD528-3A1F-470D-9EF9-B3FB133A6FEE}
		{B83D4818-A5E8-4F3C-9122-119D97B2EA0F} = {D2170853-0866-47B3-B1AF-D07763F67315}
		{02C401EF-04EC-4A27-AD2C-8C65E8011404} = {18775B93-5E18-0E21-2FB9-343F25B07478}
		{88065EDE-FDE6-4093-B708-27BC57EC0D06} = {18775B93-5E18-0E21-2FB9-343F25B07478}
		{D4A1E2B3-C5D6-4F7A-8B9C-0D1E2F3A4B5C} = {18775B93-5E18-0E21-2FB9-343F25B07478}
		{816C4102-CFC1-487A-986D-D2281942C197} = {18775B93-5E18-0E21-2FB9-343F25B07478}
	EndGlobalSection
	GlobalSection(ExtensibilityGlobals) = postSolution
		SolutionGuid = {3738E201-81CE-4763-95EF-6E986D660EFF}
	EndGlobalSection
EndGlobal
